
Microsoft Visual Studio Solution File, Format Version 12.00
# Visual Studio Version 17
VisualStudioVersion = 17.12.35527.113 d17.12
MinimumVisualStudioVersion = 10.0.40219.1
Project("{FAE04EC0-301F-11D3-BF4B-00C04F79EFBC}") = "APLab7", "APLab7.csproj", "{27369522-D55B-4871-9914-DEE6DD86178B}"
EndProject
Global
	GlobalSection(SolutionConfigurationPlatforms) = preSolution
		Debug|Any CPU = Debug|Any CPU
		Release|Any CPU = Release|Any CPU
	EndGlobalSection
	GlobalSection(ProjectConfigurationPlatforms) = postSolution
		{27369522-D55B-4871-9914-DEE6DD86178B}.Debug|Any CPU.ActiveCfg = Debug|Any CPU
		{27369522-D55B-4871-9914-DEE6DD86178B}.Debug|Any CPU.Build.0 = Debug|Any CPU
		{27369522-D55B-4871-9914-DEE6DD86178B}.Release|Any CPU.ActiveCfg = Release|Any CPU
		{27369522-D55B-4871-9914-DEE6DD86178B}.Release|Any CPU.Build.0 = Release|Any CPU
	EndGlobalSection
	GlobalSection(SolutionProperties) = preSolution
		HideSolutionNode = FALSE
	EndGlobalSection
EndGlobal
